
Microsoft Visual Studio Solution File, Format Version 12.00
# Visual Studio Version 16
VisualStudioVersion = 16.0.30711.63
MinimumVisualStudioVersion = 10.0.40219.1
Project("{FAE04EC0-301F-11D3-BF4B-00C04F79EFBC}") = "empWageProblem", "empWageProblem\empWageProblem.csproj", "{876AEA31-1B9D-4E71-BDBC-A7BBD6C281F0}"
EndProject
Global
	GlobalSection(SolutionConfigurationPlatforms) = preSolution
		Debug|Any CPU = Debug|Any CPU
		Release|Any CPU = Release|Any CPU
	EndGlobalSection
	GlobalSection(ProjectConfigurationPlatforms) = postSolution
		{876AEA31-1B9D-4E71-BDBC-A7BBD6C281F0}.Debug|Any CPU.ActiveCfg = Debug|Any CPU
		{876AEA31-1B9D-4E71-BDBC-A7BBD6C281F0}.Debug|Any CPU.Build.0 = Debug|Any CPU
		{876AEA31-1B9D-4E71-BDBC-A7BBD6C281F0}.Release|Any CPU.ActiveCfg = Release|Any CPU
		{876AEA31-1B9D-4E71-BDBC-A7BBD6C281F0}.Release|Any CPU.Build.0 = Release|Any CPU
	EndGlobalSection
	GlobalSection(SolutionProperties) = preSolution
		HideSolutionNode = FALSE
	EndGlobalSection
	GlobalSection(ExtensibilityGlobals) = postSolution
		SolutionGuid = {EC370B2F-1F08-417A-818D-C5E7DE429882}
	EndGlobalSection
EndGlobal
